// !$*UTF8*$!
{
	archiveVersion = 1;
	classes = {
	};
	objectVersion = 50;
	objects = {

/* Begin PBXBuildFile section */
		2807916922486D0C00CC4242 /* FriendBet.swift in Sources */ = {isa = PBXBuildFile; fileRef = 2807916822486D0C00CC4242 /* FriendBet.swift */; };
		2807916B22486D5A00CC4242 /* ClaimBet.swift in Sources */ = {isa = PBXBuildFile; fileRef = 2807916A22486D5A00CC4242 /* ClaimBet.swift */; };
		283F0D0021DDAE330096BB6E /* ViewBetsViewController.swift in Sources */ = {isa = PBXBuildFile; fileRef = 283F0CFF21DDAE330096BB6E /* ViewBetsViewController.swift */; };
		283F0D0221DDB0410096BB6E /* ShowBetCell.swift in Sources */ = {isa = PBXBuildFile; fileRef = 283F0D0121DDB0410096BB6E /* ShowBetCell.swift */; };
		283F0D0421DDCCAB0096BB6E /* BetHeaderCell.swift in Sources */ = {isa = PBXBuildFile; fileRef = 283F0D0321DDCCAB0096BB6E /* BetHeaderCell.swift */; };
		283F0D0621DF36010096BB6E /* Bet.swift in Sources */ = {isa = PBXBuildFile; fileRef = 283F0D0521DF36010096BB6E /* Bet.swift */; };
		2840AC0F21D709890002A238 /* HomeTableViewCell.swift in Sources */ = {isa = PBXBuildFile; fileRef = 2840AC0E21D709890002A238 /* HomeTableViewCell.swift */; };
		2840AC1121D7116E0002A238 /* MakeBetViewController.swift in Sources */ = {isa = PBXBuildFile; fileRef = 2840AC1021D7116E0002A238 /* MakeBetViewController.swift */; };
		2840AC1321D7F93F0002A238 /* FollowService.swift in Sources */ = {isa = PBXBuildFile; fileRef = 2840AC1221D7F93F0002A238 /* FollowService.swift */; };
		2840AC1721D8029E0002A238 /* FindFriendsCell.swift in Sources */ = {isa = PBXBuildFile; fileRef = 2840AC1621D8029E0002A238 /* FindFriendsCell.swift */; };
		2840AC1D21D82AB50002A238 /* Friends.storyboard in Resources */ = {isa = PBXBuildFile; fileRef = 2840AC1C21D82AB50002A238 /* Friends.storyboard */; };
		2840AC1F21D82AFB0002A238 /* Home.storyboard in Resources */ = {isa = PBXBuildFile; fileRef = 2840AC1E21D82AFB0002A238 /* Home.storyboard */; };
		2840AC2121D9BB240002A238 /* SendToPopOverViewController.swift in Sources */ = {isa = PBXBuildFile; fileRef = 2840AC2021D9BB240002A238 /* SendToPopOverViewController.swift */; };
		2840AC2321D9BC2A0002A238 /* SendToFollowersCell.swift in Sources */ = {isa = PBXBuildFile; fileRef = 2840AC2221D9BC2A0002A238 /* SendToFollowersCell.swift */; };
		284CD709224C8CEF00F552D4 /* NumberViewController.swift in Sources */ = {isa = PBXBuildFile; fileRef = 284CD708224C8CEF00F552D4 /* NumberViewController.swift */; };
		2851D543222902B5001972CB /* BetsRootViewController.swift in Sources */ = {isa = PBXBuildFile; fileRef = 2851D542222902B5001972CB /* BetsRootViewController.swift */; };
		2856DB01220BCE3C0076A602 /* onBoardingService.swift in Sources */ = {isa = PBXBuildFile; fileRef = 2856DB00220BCE3C0076A602 /* onBoardingService.swift */; };
		285CD7AB22498F360009BFBE /* CoupleViewController.swift in Sources */ = {isa = PBXBuildFile; fileRef = 285CD7AA22498F360009BFBE /* CoupleViewController.swift */; };
		285CD7AD22498F4A0009BFBE /* ShipViewController.swift in Sources */ = {isa = PBXBuildFile; fileRef = 285CD7AC22498F4A0009BFBE /* ShipViewController.swift */; };
		285CD7AF22498F5E0009BFBE /* FavoriteViewController.swift in Sources */ = {isa = PBXBuildFile; fileRef = 285CD7AE22498F5E0009BFBE /* FavoriteViewController.swift */; };
		285CD7B1224994DC0009BFBE /* ShipViewCell.swift in Sources */ = {isa = PBXBuildFile; fileRef = 285CD7B0224994DC0009BFBE /* ShipViewCell.swift */; };
		285CD7B32249F6DD0009BFBE /* CoupleViewCell.swift in Sources */ = {isa = PBXBuildFile; fileRef = 285CD7B22249F6DD0009BFBE /* CoupleViewCell.swift */; };
		285CD7B5224A03710009BFBE /* FavoriteViewCell.swift in Sources */ = {isa = PBXBuildFile; fileRef = 285CD7B4224A03710009BFBE /* FavoriteViewCell.swift */; };
		285CD7B9224B0CD30009BFBE /* UIColor.swift in Sources */ = {isa = PBXBuildFile; fileRef = 285CD7B8224B0CD30009BFBE /* UIColor.swift */; };
		285CD7BB224B1E080009BFBE /* History.swift in Sources */ = {isa = PBXBuildFile; fileRef = 285CD7BA224B1E080009BFBE /* History.swift */; };
		285CD7BD224B21850009BFBE /* HistoryService.swift in Sources */ = {isa = PBXBuildFile; fileRef = 285CD7BC224B21850009BFBE /* HistoryService.swift */; };
		285CD7BF224C7E5B0009BFBE /* MessageViewController.swift in Sources */ = {isa = PBXBuildFile; fileRef = 285CD7BE224C7E5A0009BFBE /* MessageViewController.swift */; };
		285CD7C1224C83250009BFBE /* WonCell.swift in Sources */ = {isa = PBXBuildFile; fileRef = 285CD7C0224C83250009BFBE /* WonCell.swift */; };
		2863649D220952EA0049761D /* CharactersViewController.swift in Sources */ = {isa = PBXBuildFile; fileRef = 2863649C220952EA0049761D /* CharactersViewController.swift */; };
		2863649F22095DF40049761D /* OnBoarding.storyboard in Resources */ = {isa = PBXBuildFile; fileRef = 2863649E22095DF40049761D /* OnBoarding.storyboard */; };
		286D6117225498F600CCDD72 /* ReportViewController.swift in Sources */ = {isa = PBXBuildFile; fileRef = 286D6116225498F600CCDD72 /* ReportViewController.swift */; };
		286D6119225739EA00CCDD72 /* InstructionsViewController.swift in Sources */ = {isa = PBXBuildFile; fileRef = 286D6118225739EA00CCDD72 /* InstructionsViewController.swift */; };
		2871D45221D0BF3D007E3FF1 /* UserService.swift in Sources */ = {isa = PBXBuildFile; fileRef = 2871D45121D0BF3D007E3FF1 /* UserService.swift */; };
		2871D45421D30F43007E3FF1 /* Constants.swift in Sources */ = {isa = PBXBuildFile; fileRef = 2871D45321D30F43007E3FF1 /* Constants.swift */; };
		2871D45621D30FB0007E3FF1 /* Storyboard+Utility.swift in Sources */ = {isa = PBXBuildFile; fileRef = 2871D45521D30FB0007E3FF1 /* Storyboard+Utility.swift */; };
		2871D45821D316BF007E3FF1 /* HomeViewController.swift in Sources */ = {isa = PBXBuildFile; fileRef = 2871D45721D316BF007E3FF1 /* HomeViewController.swift */; };
		2871D45A21D316D0007E3FF1 /* FindFriendsViewController.swift in Sources */ = {isa = PBXBuildFile; fileRef = 2871D45921D316D0007E3FF1 /* FindFriendsViewController.swift */; };
		2871D45E21D33B75007E3FF1 /* MGPhotoHelper.swift in Sources */ = {isa = PBXBuildFile; fileRef = 2871D45D21D33B75007E3FF1 /* MGPhotoHelper.swift */; };
		2871D46021D34E7F007E3FF1 /* StorageService.swift in Sources */ = {isa = PBXBuildFile; fileRef = 2871D45F21D34E7F007E3FF1 /* StorageService.swift */; };
		2871D46221D3528C007E3FF1 /* BetService.swift in Sources */ = {isa = PBXBuildFile; fileRef = 2871D46121D3528C007E3FF1 /* BetService.swift */; };
		2871D46621D3FC61007E3FF1 /* UIImage+Size.swift in Sources */ = {isa = PBXBuildFile; fileRef = 2871D46521D3FC61007E3FF1 /* UIImage+Size.swift */; };
		2871D46821D3FD0E007E3FF1 /* StorageReference.swift in Sources */ = {isa = PBXBuildFile; fileRef = 2871D46721D3FD0E007E3FF1 /* StorageReference.swift */; };
		287346912234E6A800CB08B9 /* EdStarkViewController.swift in Sources */ = {isa = PBXBuildFile; fileRef = 287346902234E6A800CB08B9 /* EdStarkViewController.swift */; };
		28790AC72214CEB1005B1B12 /* CharacterViewCell.swift in Sources */ = {isa = PBXBuildFile; fileRef = 28790AC62214CEB1005B1B12 /* CharacterViewCell.swift */; };
		28790AC922193C48005B1B12 /* Characters2ViewController.swift in Sources */ = {isa = PBXBuildFile; fileRef = 28790AC822193C47005B1B12 /* Characters2ViewController.swift */; };
		28790ACB22193DF1005B1B12 /* Character2ViewCell.swift in Sources */ = {isa = PBXBuildFile; fileRef = 28790ACA22193DF1005B1B12 /* Character2ViewCell.swift */; };
		28790ACD221A7B2C005B1B12 /* EmojiViewController.swift in Sources */ = {isa = PBXBuildFile; fileRef = 28790ACC221A7B2C005B1B12 /* EmojiViewController.swift */; };
		28790ACF221A804A005B1B12 /* EmojiViewCell.swift in Sources */ = {isa = PBXBuildFile; fileRef = 28790ACE221A804A005B1B12 /* EmojiViewCell.swift */; };
		288CB0B3224F0AD300FE9239 /* FindFriends.storyboard in Resources */ = {isa = PBXBuildFile; fileRef = 288CB0B2224F0AD300FE9239 /* FindFriends.storyboard */; };
		2895D97A21EA91C70071D497 /* ProfileService.swift in Sources */ = {isa = PBXBuildFile; fileRef = 2895D97921EA91C70071D497 /* ProfileService.swift */; };
		2895D97C21EA95C00071D497 /* Profile.swift in Sources */ = {isa = PBXBuildFile; fileRef = 2895D97B21EA95C00071D497 /* Profile.swift */; };
		28A8983521E67B1D00A9DFEA /* MyProfileViewController.swift in Sources */ = {isa = PBXBuildFile; fileRef = 28A8983421E67B1D00A9DFEA /* MyProfileViewController.swift */; };
		28A8EFAA222BBB8000F86F80 /* YourBetsCell.swift in Sources */ = {isa = PBXBuildFile; fileRef = 28A8EFA9222BBB8000F86F80 /* YourBetsCell.swift */; };
		28A8EFAC222BE10000F86F80 /* DebtBetsCell.swift in Sources */ = {isa = PBXBuildFile; fileRef = 28A8EFAB222BE10000F86F80 /* DebtBetsCell.swift */; };
		28AC0FE521DCA71F0041FDDB /* Selection.swift in Sources */ = {isa = PBXBuildFile; fileRef = 28AC0FE421DCA71F0041FDDB /* Selection.swift */; };
		28AC0FE721DCAC490041FDDB /* ViewBet.storyboard in Resources */ = {isa = PBXBuildFile; fileRef = 28AC0FE621DCAC490041FDDB /* ViewBet.storyboard */; };
		28B30C2D2229272D00E33D2D /* YourBetsViewController.swift in Sources */ = {isa = PBXBuildFile; fileRef = 28B30C2C2229272D00E33D2D /* YourBetsViewController.swift */; };
		28B30C2F2229273E00E33D2D /* DebtBetsViewController.swift in Sources */ = {isa = PBXBuildFile; fileRef = 28B30C2E2229273E00E33D2D /* DebtBetsViewController.swift */; };
		28B30C3322292F6A00E33D2D /* ViewBetType.storyboard in Resources */ = {isa = PBXBuildFile; fileRef = 28B30C3222292F6A00E33D2D /* ViewBetType.storyboard */; };
		28C06FDC21CF7347008F2783 /* GoogleService-Info.plist in Resources */ = {isa = PBXBuildFile; fileRef = 28C06FDB21CF7347008F2783 /* GoogleService-Info.plist */; };
		28C06FDE21D09C2C008F2783 /* User.swift in Sources */ = {isa = PBXBuildFile; fileRef = 28C06FDD21D09C2C008F2783 /* User.swift */; };
		28C06FE021D0A612008F2783 /* CreateUsernameViewController.swift in Sources */ = {isa = PBXBuildFile; fileRef = 28C06FDF21D0A612008F2783 /* CreateUsernameViewController.swift */; };
		28CBB3A02262757E00919885 /* HouseViewController.swift in Sources */ = {isa = PBXBuildFile; fileRef = 28CBB39F2262757E00919885 /* HouseViewController.swift */; };
		28CBB3A22262772600919885 /* HouseViewCell.swift in Sources */ = {isa = PBXBuildFile; fileRef = 28CBB3A12262772600919885 /* HouseViewCell.swift */; };
		28EAC4A621CEE7600083EE24 /* AppDelegate.swift in Sources */ = {isa = PBXBuildFile; fileRef = 28EAC4A521CEE7600083EE24 /* AppDelegate.swift */; };
		28EAC4AB21CEE7600083EE24 /* Main.storyboard in Resources */ = {isa = PBXBuildFile; fileRef = 28EAC4A921CEE7600083EE24 /* Main.storyboard */; };
		28EAC4AD21CEE7610083EE24 /* Assets.xcassets in Resources */ = {isa = PBXBuildFile; fileRef = 28EAC4AC21CEE7610083EE24 /* Assets.xcassets */; };
		28EAC4B021CEE7610083EE24 /* LaunchScreen.storyboard in Resources */ = {isa = PBXBuildFile; fileRef = 28EAC4AE21CEE7610083EE24 /* LaunchScreen.storyboard */; };
		28EAC4C421CF20500083EE24 /* Login.storyboard in Resources */ = {isa = PBXBuildFile; fileRef = 28EAC4C321CF20500083EE24 /* Login.storyboard */; };
		28EAC4C621CF21640083EE24 /* LoginViewController.swift in Sources */ = {isa = PBXBuildFile; fileRef = 28EAC4C521CF21640083EE24 /* LoginViewController.swift */; };
		C4F995E50979BA0333CDF937 /* Pods_Makestagram3.framework in Frameworks */ = {isa = PBXBuildFile; fileRef = 1DAF0DB8C582B08D3456AFA2 /* Pods_Makestagram3.framework */; };
/* End PBXBuildFile section */

/* Begin PBXFileReference section */
		1DAF0DB8C582B08D3456AFA2 /* Pods_Makestagram3.framework */ = {isa = PBXFileReference; explicitFileType = wrapper.framework; includeInIndex = 0; path = Pods_Makestagram3.framework; sourceTree = BUILT_PRODUCTS_DIR; };
		2807916822486D0C00CC4242 /* FriendBet.swift */ = {isa = PBXFileReference; lastKnownFileType = sourcecode.swift; path = FriendBet.swift; sourceTree = "<group>"; };
		2807916A22486D5A00CC4242 /* ClaimBet.swift */ = {isa = PBXFileReference; lastKnownFileType = sourcecode.swift; path = ClaimBet.swift; sourceTree = "<group>"; };
		283F0CFF21DDAE330096BB6E /* ViewBetsViewController.swift */ = {isa = PBXFileReference; lastKnownFileType = sourcecode.swift; path = ViewBetsViewController.swift; sourceTree = "<group>"; };
		283F0D0121DDB0410096BB6E /* ShowBetCell.swift */ = {isa = PBXFileReference; lastKnownFileType = sourcecode.swift; path = ShowBetCell.swift; sourceTree = "<group>"; };
		283F0D0321DDCCAB0096BB6E /* BetHeaderCell.swift */ = {isa = PBXFileReference; lastKnownFileType = sourcecode.swift; path = BetHeaderCell.swift; sourceTree = "<group>"; };
		283F0D0521DF36010096BB6E /* Bet.swift */ = {isa = PBXFileReference; lastKnownFileType = sourcecode.swift; path = Bet.swift; sourceTree = "<group>"; };
		2840AC0E21D709890002A238 /* HomeTableViewCell.swift */ = {isa = PBXFileReference; lastKnownFileType = sourcecode.swift; path = HomeTableViewCell.swift; sourceTree = "<group>"; };
		2840AC1021D7116E0002A238 /* MakeBetViewController.swift */ = {isa = PBXFileReference; lastKnownFileType = sourcecode.swift; path = MakeBetViewController.swift; sourceTree = "<group>"; };
		2840AC1221D7F93F0002A238 /* FollowService.swift */ = {isa = PBXFileReference; lastKnownFileType = sourcecode.swift; path = FollowService.swift; sourceTree = "<group>"; };
		2840AC1621D8029E0002A238 /* FindFriendsCell.swift */ = {isa = PBXFileReference; lastKnownFileType = sourcecode.swift; path = FindFriendsCell.swift; sourceTree = "<group>"; };
		2840AC1C21D82AB50002A238 /* Friends.storyboard */ = {isa = PBXFileReference; fileEncoding = 4; lastKnownFileType = file.storyboard; path = Friends.storyboard; sourceTree = "<group>"; };
		2840AC1E21D82AFB0002A238 /* Home.storyboard */ = {isa = PBXFileReference; fileEncoding = 4; lastKnownFileType = file.storyboard; path = Home.storyboard; sourceTree = "<group>"; };
		2840AC2021D9BB240002A238 /* SendToPopOverViewController.swift */ = {isa = PBXFileReference; lastKnownFileType = sourcecode.swift; path = SendToPopOverViewController.swift; sourceTree = "<group>"; };
		2840AC2221D9BC2A0002A238 /* SendToFollowersCell.swift */ = {isa = PBXFileReference; lastKnownFileType = sourcecode.swift; path = SendToFollowersCell.swift; sourceTree = "<group>"; };
		284CD708224C8CEF00F552D4 /* NumberViewController.swift */ = {isa = PBXFileReference; lastKnownFileType = sourcecode.swift; path = NumberViewController.swift; sourceTree = "<group>"; };
		2851D542222902B5001972CB /* BetsRootViewController.swift */ = {isa = PBXFileReference; lastKnownFileType = sourcecode.swift; path = BetsRootViewController.swift; sourceTree = "<group>"; };
		2856DB00220BCE3C0076A602 /* onBoardingService.swift */ = {isa = PBXFileReference; lastKnownFileType = sourcecode.swift; path = onBoardingService.swift; sourceTree = "<group>"; };
		285CD7AA22498F360009BFBE /* CoupleViewController.swift */ = {isa = PBXFileReference; lastKnownFileType = sourcecode.swift; path = CoupleViewController.swift; sourceTree = "<group>"; };
		285CD7AC22498F4A0009BFBE /* ShipViewController.swift */ = {isa = PBXFileReference; lastKnownFileType = sourcecode.swift; path = ShipViewController.swift; sourceTree = "<group>"; };
		285CD7AE22498F5E0009BFBE /* FavoriteViewController.swift */ = {isa = PBXFileReference; lastKnownFileType = sourcecode.swift; path = FavoriteViewController.swift; sourceTree = "<group>"; };
		285CD7B0224994DC0009BFBE /* ShipViewCell.swift */ = {isa = PBXFileReference; lastKnownFileType = sourcecode.swift; path = ShipViewCell.swift; sourceTree = "<group>"; };
		285CD7B22249F6DD0009BFBE /* CoupleViewCell.swift */ = {isa = PBXFileReference; lastKnownFileType = sourcecode.swift; path = CoupleViewCell.swift; sourceTree = "<group>"; };
		285CD7B4224A03710009BFBE /* FavoriteViewCell.swift */ = {isa = PBXFileReference; lastKnownFileType = sourcecode.swift; path = FavoriteViewCell.swift; sourceTree = "<group>"; };
		285CD7B8224B0CD30009BFBE /* UIColor.swift */ = {isa = PBXFileReference; lastKnownFileType = sourcecode.swift; path = UIColor.swift; sourceTree = "<group>"; };
		285CD7BA224B1E080009BFBE /* History.swift */ = {isa = PBXFileReference; lastKnownFileType = sourcecode.swift; path = History.swift; sourceTree = "<group>"; };
		285CD7BC224B21850009BFBE /* HistoryService.swift */ = {isa = PBXFileReference; lastKnownFileType = sourcecode.swift; path = HistoryService.swift; sourceTree = "<group>"; };
		285CD7BE224C7E5A0009BFBE /* MessageViewController.swift */ = {isa = PBXFileReference; lastKnownFileType = sourcecode.swift; path = MessageViewController.swift; sourceTree = "<group>"; };
		285CD7C0224C83250009BFBE /* WonCell.swift */ = {isa = PBXFileReference; lastKnownFileType = sourcecode.swift; path = WonCell.swift; sourceTree = "<group>"; };
		2863649C220952EA0049761D /* CharactersViewController.swift */ = {isa = PBXFileReference; lastKnownFileType = sourcecode.swift; path = CharactersViewController.swift; sourceTree = "<group>"; };
		2863649E22095DF40049761D /* OnBoarding.storyboard */ = {isa = PBXFileReference; fileEncoding = 4; lastKnownFileType = file.storyboard; path = OnBoarding.storyboard; sourceTree = "<group>"; };
		286D6116225498F600CCDD72 /* ReportViewController.swift */ = {isa = PBXFileReference; lastKnownFileType = sourcecode.swift; path = ReportViewController.swift; sourceTree = "<group>"; };
		286D6118225739EA00CCDD72 /* InstructionsViewController.swift */ = {isa = PBXFileReference; lastKnownFileType = sourcecode.swift; path = InstructionsViewController.swift; sourceTree = "<group>"; };
		2871D45121D0BF3D007E3FF1 /* UserService.swift */ = {isa = PBXFileReference; lastKnownFileType = sourcecode.swift; path = UserService.swift; sourceTree = "<group>"; };
		2871D45321D30F43007E3FF1 /* Constants.swift */ = {isa = PBXFileReference; lastKnownFileType = sourcecode.swift; path = Constants.swift; sourceTree = "<group>"; };
		2871D45521D30FB0007E3FF1 /* Storyboard+Utility.swift */ = {isa = PBXFileReference; lastKnownFileType = sourcecode.swift; path = "Storyboard+Utility.swift"; sourceTree = "<group>"; };
		2871D45721D316BF007E3FF1 /* HomeViewController.swift */ = {isa = PBXFileReference; lastKnownFileType = sourcecode.swift; path = HomeViewController.swift; sourceTree = "<group>"; };
		2871D45921D316D0007E3FF1 /* FindFriendsViewController.swift */ = {isa = PBXFileReference; lastKnownFileType = sourcecode.swift; path = FindFriendsViewController.swift; sourceTree = "<group>"; };
		2871D45D21D33B75007E3FF1 /* MGPhotoHelper.swift */ = {isa = PBXFileReference; lastKnownFileType = sourcecode.swift; path = MGPhotoHelper.swift; sourceTree = "<group>"; };
		2871D45F21D34E7F007E3FF1 /* StorageService.swift */ = {isa = PBXFileReference; lastKnownFileType = sourcecode.swift; path = StorageService.swift; sourceTree = "<group>"; };
		2871D46121D3528C007E3FF1 /* BetService.swift */ = {isa = PBXFileReference; lastKnownFileType = sourcecode.swift; path = BetService.swift; sourceTree = "<group>"; };
		2871D46521D3FC61007E3FF1 /* UIImage+Size.swift */ = {isa = PBXFileReference; lastKnownFileType = sourcecode.swift; path = "UIImage+Size.swift"; sourceTree = "<group>"; };
		2871D46721D3FD0E007E3FF1 /* StorageReference.swift */ = {isa = PBXFileReference; lastKnownFileType = sourcecode.swift; path = StorageReference.swift; sourceTree = "<group>"; };
		287346902234E6A800CB08B9 /* EdStarkViewController.swift */ = {isa = PBXFileReference; lastKnownFileType = sourcecode.swift; path = EdStarkViewController.swift; sourceTree = "<group>"; };
		28790AC62214CEB1005B1B12 /* CharacterViewCell.swift */ = {isa = PBXFileReference; lastKnownFileType = sourcecode.swift; path = CharacterViewCell.swift; sourceTree = "<group>"; };
		28790AC822193C47005B1B12 /* Characters2ViewController.swift */ = {isa = PBXFileReference; lastKnownFileType = sourcecode.swift; path = Characters2ViewController.swift; sourceTree = "<group>"; };
		28790ACA22193DF1005B1B12 /* Character2ViewCell.swift */ = {isa = PBXFileReference; lastKnownFileType = sourcecode.swift; path = Character2ViewCell.swift; sourceTree = "<group>"; };
		28790ACC221A7B2C005B1B12 /* EmojiViewController.swift */ = {isa = PBXFileReference; lastKnownFileType = sourcecode.swift; path = EmojiViewController.swift; sourceTree = "<group>"; };
		28790ACE221A804A005B1B12 /* EmojiViewCell.swift */ = {isa = PBXFileReference; lastKnownFileType = sourcecode.swift; path = EmojiViewCell.swift; sourceTree = "<group>"; };
		288CB0B2224F0AD300FE9239 /* FindFriends.storyboard */ = {isa = PBXFileReference; fileEncoding = 4; lastKnownFileType = file.storyboard; path = FindFriends.storyboard; sourceTree = "<group>"; };
		2895D97921EA91C70071D497 /* ProfileService.swift */ = {isa = PBXFileReference; lastKnownFileType = sourcecode.swift; path = ProfileService.swift; sourceTree = "<group>"; };
		2895D97B21EA95C00071D497 /* Profile.swift */ = {isa = PBXFileReference; lastKnownFileType = sourcecode.swift; path = Profile.swift; sourceTree = "<group>"; };
		28A8983421E67B1D00A9DFEA /* MyProfileViewController.swift */ = {isa = PBXFileReference; lastKnownFileType = sourcecode.swift; path = MyProfileViewController.swift; sourceTree = "<group>"; };
		28A8EFA9222BBB8000F86F80 /* YourBetsCell.swift */ = {isa = PBXFileReference; lastKnownFileType = sourcecode.swift; path = YourBetsCell.swift; sourceTree = "<group>"; };
		28A8EFAB222BE10000F86F80 /* DebtBetsCell.swift */ = {isa = PBXFileReference; lastKnownFileType = sourcecode.swift; path = DebtBetsCell.swift; sourceTree = "<group>"; };
		28AC0FE421DCA71F0041FDDB /* Selection.swift */ = {isa = PBXFileReference; lastKnownFileType = sourcecode.swift; path = Selection.swift; sourceTree = "<group>"; };
		28AC0FE621DCAC490041FDDB /* ViewBet.storyboard */ = {isa = PBXFileReference; fileEncoding = 4; lastKnownFileType = file.storyboard; path = ViewBet.storyboard; sourceTree = "<group>"; };
		28B30C2C2229272D00E33D2D /* YourBetsViewController.swift */ = {isa = PBXFileReference; lastKnownFileType = sourcecode.swift; path = YourBetsViewController.swift; sourceTree = "<group>"; };
		28B30C2E2229273E00E33D2D /* DebtBetsViewController.swift */ = {isa = PBXFileReference; lastKnownFileType = sourcecode.swift; path = DebtBetsViewController.swift; sourceTree = "<group>"; };
		28B30C3222292F6A00E33D2D /* ViewBetType.storyboard */ = {isa = PBXFileReference; fileEncoding = 4; lastKnownFileType = file.storyboard; path = ViewBetType.storyboard; sourceTree = "<group>"; };
		28C06FDB21CF7347008F2783 /* GoogleService-Info.plist */ = {isa = PBXFileReference; fileEncoding = 4; lastKnownFileType = text.plist.xml; path = "GoogleService-Info.plist"; sourceTree = "<group>"; };
		28C06FDD21D09C2C008F2783 /* User.swift */ = {isa = PBXFileReference; lastKnownFileType = sourcecode.swift; path = User.swift; sourceTree = "<group>"; };
		28C06FDF21D0A612008F2783 /* CreateUsernameViewController.swift */ = {isa = PBXFileReference; lastKnownFileType = sourcecode.swift; path = CreateUsernameViewController.swift; sourceTree = "<group>"; };
		28CBB39F2262757E00919885 /* HouseViewController.swift */ = {isa = PBXFileReference; lastKnownFileType = sourcecode.swift; path = HouseViewController.swift; sourceTree = "<group>"; };
		28CBB3A12262772600919885 /* HouseViewCell.swift */ = {isa = PBXFileReference; lastKnownFileType = sourcecode.swift; path = HouseViewCell.swift; sourceTree = "<group>"; };
		28EAC4A221CEE7600083EE24 /* Makestagram3.app */ = {isa = PBXFileReference; explicitFileType = wrapper.application; includeInIndex = 0; path = Makestagram3.app; sourceTree = BUILT_PRODUCTS_DIR; };
		28EAC4A521CEE7600083EE24 /* AppDelegate.swift */ = {isa = PBXFileReference; lastKnownFileType = sourcecode.swift; path = AppDelegate.swift; sourceTree = "<group>"; };
		28EAC4AA21CEE7600083EE24 /* Base */ = {isa = PBXFileReference; lastKnownFileType = file.storyboard; name = Base; path = Base.lproj/Main.storyboard; sourceTree = "<group>"; };
		28EAC4AC21CEE7610083EE24 /* Assets.xcassets */ = {isa = PBXFileReference; lastKnownFileType = folder.assetcatalog; path = Assets.xcassets; sourceTree = "<group>"; };
		28EAC4AF21CEE7610083EE24 /* Base */ = {isa = PBXFileReference; lastKnownFileType = file.storyboard; name = Base; path = Base.lproj/LaunchScreen.storyboard; sourceTree = "<group>"; };
		28EAC4B121CEE7610083EE24 /* Info.plist */ = {isa = PBXFileReference; lastKnownFileType = text.plist.xml; path = Info.plist; sourceTree = "<group>"; };
		28EAC4C321CF20500083EE24 /* Login.storyboard */ = {isa = PBXFileReference; lastKnownFileType = file.storyboard; path = Login.storyboard; sourceTree = "<group>"; };
		28EAC4C521CF21640083EE24 /* LoginViewController.swift */ = {isa = PBXFileReference; lastKnownFileType = sourcecode.swift; path = LoginViewController.swift; sourceTree = "<group>"; };
		A77C4271F9B02348076A58C0 /* Pods-Makestagram3.release.xcconfig */ = {isa = PBXFileReference; includeInIndex = 1; lastKnownFileType = text.xcconfig; name = "Pods-Makestagram3.release.xcconfig"; path = "Pods/Target Support Files/Pods-Makestagram3/Pods-Makestagram3.release.xcconfig"; sourceTree = "<group>"; };
		F49599F9F6318BEAE3590776 /* Pods-Makestagram3.debug.xcconfig */ = {isa = PBXFileReference; includeInIndex = 1; lastKnownFileType = text.xcconfig; name = "Pods-Makestagram3.debug.xcconfig"; path = "Pods/Target Support Files/Pods-Makestagram3/Pods-Makestagram3.debug.xcconfig"; sourceTree = "<group>"; };
/* End PBXFileReference section */

/* Begin PBXFrameworksBuildPhase section */
		28EAC49F21CEE7600083EE24 /* Frameworks */ = {
			isa = PBXFrameworksBuildPhase;
			buildActionMask = 2147483647;
			files = (
				C4F995E50979BA0333CDF937 /* Pods_Makestagram3.framework in Frameworks */,
			);
			runOnlyForDeploymentPostprocessing = 0;
		};
/* End PBXFrameworksBuildPhase section */

/* Begin PBXGroup section */
		285CD7A922498DF50009BFBE /* ProfileViewControllers */ = {
			isa = PBXGroup;
			children = (
				285CD7AA22498F360009BFBE /* CoupleViewController.swift */,
				285CD7AC22498F4A0009BFBE /* ShipViewController.swift */,
				285CD7AE22498F5E0009BFBE /* FavoriteViewController.swift */,
				28CBB39F2262757E00919885 /* HouseViewController.swift */,
			);
			path = ProfileViewControllers;
			sourceTree = "<group>";
		};
		28EAC49921CEE7600083EE24 = {
			isa = PBXGroup;
			children = (
				28EAC4C021CEFF5E0083EE24 /* Views */,
				28EAC4BF21CEFF560083EE24 /* Supporting */,
				28EAC4BE21CEFF510083EE24 /* Storyboards */,
				28EAC4BD21CEFF4B0083EE24 /* Services */,
				28EAC4BC21CEFF460083EE24 /* Models */,
				28EAC4BB21CEFF400083EE24 /* Helpers */,
				28EAC4BA21CEFF360083EE24 /* Extensions */,
				285CD7A922498DF50009BFBE /* ProfileViewControllers */,
				28EAC4B921CEFF090083EE24 /* Controllers */,
				28EAC4A421CEE7600083EE24 /* Makestagram3 */,
				28EAC4A321CEE7600083EE24 /* Products */,
				7B06AA1CF8425FA2BA5411E2 /* Pods */,
				AAA096B501D8C2B7AFDD6143 /* Frameworks */,
			);
			sourceTree = "<group>";
		};
		28EAC4A321CEE7600083EE24 /* Products */ = {
			isa = PBXGroup;
			children = (
				28EAC4A221CEE7600083EE24 /* Makestagram3.app */,
			);
			name = Products;
			sourceTree = "<group>";
		};
		28EAC4A421CEE7600083EE24 /* Makestagram3 */ = {
			isa = PBXGroup;
			children = (
				28EAC4A521CEE7600083EE24 /* AppDelegate.swift */,
				28EAC4AC21CEE7610083EE24 /* Assets.xcassets */,
			);
			path = Makestagram3;
			sourceTree = "<group>";
		};
		28EAC4B921CEFF090083EE24 /* Controllers */ = {
			isa = PBXGroup;
			children = (
				28EAC4C521CF21640083EE24 /* LoginViewController.swift */,
				28C06FDF21D0A612008F2783 /* CreateUsernameViewController.swift */,
				2871D45721D316BF007E3FF1 /* HomeViewController.swift */,
				2840AC1021D7116E0002A238 /* MakeBetViewController.swift */,
				2871D45921D316D0007E3FF1 /* FindFriendsViewController.swift */,
				2840AC2021D9BB240002A238 /* SendToPopOverViewController.swift */,
				283F0CFF21DDAE330096BB6E /* ViewBetsViewController.swift */,
				28A8983421E67B1D00A9DFEA /* MyProfileViewController.swift */,
				2863649C220952EA0049761D /* CharactersViewController.swift */,
				28790AC822193C47005B1B12 /* Characters2ViewController.swift */,
				28790ACC221A7B2C005B1B12 /* EmojiViewController.swift */,
				28B30C2C2229272D00E33D2D /* YourBetsViewController.swift */,
				28B30C2E2229273E00E33D2D /* DebtBetsViewController.swift */,
				287346902234E6A800CB08B9 /* EdStarkViewController.swift */,
				285CD7BE224C7E5A0009BFBE /* MessageViewController.swift */,
				284CD708224C8CEF00F552D4 /* NumberViewController.swift */,
				286D6116225498F600CCDD72 /* ReportViewController.swift */,
				286D6118225739EA00CCDD72 /* InstructionsViewController.swift */,
			);
			path = Controllers;
			sourceTree = "<group>";
		};
		28EAC4BA21CEFF360083EE24 /* Extensions */ = {
			isa = PBXGroup;
			children = (
				2871D45521D30FB0007E3FF1 /* Storyboard+Utility.swift */,
				2871D46521D3FC61007E3FF1 /* UIImage+Size.swift */,
				2871D46721D3FD0E007E3FF1 /* StorageReference.swift */,
				285CD7B8224B0CD30009BFBE /* UIColor.swift */,
			);
			path = Extensions;
			sourceTree = "<group>";
		};
		28EAC4BB21CEFF400083EE24 /* Helpers */ = {
			isa = PBXGroup;
			children = (
				2871D45D21D33B75007E3FF1 /* MGPhotoHelper.swift */,
			);
			path = Helpers;
			sourceTree = "<group>";
		};
		28EAC4BC21CEFF460083EE24 /* Models */ = {
			isa = PBXGroup;
			children = (
				28C06FDD21D09C2C008F2783 /* User.swift */,
				28AC0FE421DCA71F0041FDDB /* Selection.swift */,
				283F0D0521DF36010096BB6E /* Bet.swift */,
				2895D97B21EA95C00071D497 /* Profile.swift */,
				2807916822486D0C00CC4242 /* FriendBet.swift */,
				2807916A22486D5A00CC4242 /* ClaimBet.swift */,
				285CD7BA224B1E080009BFBE /* History.swift */,
			);
			path = Models;
			sourceTree = "<group>";
		};
		28EAC4BD21CEFF4B0083EE24 /* Services */ = {
			isa = PBXGroup;
			children = (
				2871D45121D0BF3D007E3FF1 /* UserService.swift */,
				2871D45F21D34E7F007E3FF1 /* StorageService.swift */,
				2871D46121D3528C007E3FF1 /* BetService.swift */,
				2840AC1221D7F93F0002A238 /* FollowService.swift */,
				2895D97921EA91C70071D497 /* ProfileService.swift */,
				2856DB00220BCE3C0076A602 /* onBoardingService.swift */,
				285CD7BC224B21850009BFBE /* HistoryService.swift */,
			);
			path = Services;
			sourceTree = "<group>";
		};
		28EAC4BE21CEFF510083EE24 /* Storyboards */ = {
			isa = PBXGroup;
			children = (
				288CB0B2224F0AD300FE9239 /* FindFriends.storyboard */,
				28B30C3222292F6A00E33D2D /* ViewBetType.storyboard */,
				28AC0FE621DCAC490041FDDB /* ViewBet.storyboard */,
				2840AC1E21D82AFB0002A238 /* Home.storyboard */,
				2840AC1C21D82AB50002A238 /* Friends.storyboard */,
				28EAC4A921CEE7600083EE24 /* Main.storyboard */,
				28EAC4C321CF20500083EE24 /* Login.storyboard */,
				2863649E22095DF40049761D /* OnBoarding.storyboard */,
				28EAC4AE21CEE7610083EE24 /* LaunchScreen.storyboard */,
			);
			path = Storyboards;
			sourceTree = "<group>";
		};
		28EAC4BF21CEFF560083EE24 /* Supporting */ = {
			isa = PBXGroup;
			children = (
				28C06FDB21CF7347008F2783 /* GoogleService-Info.plist */,
				28EAC4B121CEE7610083EE24 /* Info.plist */,
				2871D45321D30F43007E3FF1 /* Constants.swift */,
			);
			path = Supporting;
			sourceTree = "<group>";
		};
		28EAC4C021CEFF5E0083EE24 /* Views */ = {
			isa = PBXGroup;
			children = (
				2840AC0E21D709890002A238 /* HomeTableViewCell.swift */,
				2840AC1621D8029E0002A238 /* FindFriendsCell.swift */,
				2840AC2221D9BC2A0002A238 /* SendToFollowersCell.swift */,
				283F0D0121DDB0410096BB6E /* ShowBetCell.swift */,
				283F0D0321DDCCAB0096BB6E /* BetHeaderCell.swift */,
				28790AC62214CEB1005B1B12 /* CharacterViewCell.swift */,
				28790ACA22193DF1005B1B12 /* Character2ViewCell.swift */,
				28790ACE221A804A005B1B12 /* EmojiViewCell.swift */,
				2851D542222902B5001972CB /* BetsRootViewController.swift */,
				28A8EFA9222BBB8000F86F80 /* YourBetsCell.swift */,
				28A8EFAB222BE10000F86F80 /* DebtBetsCell.swift */,
				285CD7B0224994DC0009BFBE /* ShipViewCell.swift */,
				285CD7B22249F6DD0009BFBE /* CoupleViewCell.swift */,
				285CD7B4224A03710009BFBE /* FavoriteViewCell.swift */,
				285CD7C0224C83250009BFBE /* WonCell.swift */,
				28CBB3A12262772600919885 /* HouseViewCell.swift */,
			);
			path = Views;
			sourceTree = "<group>";
		};
		7B06AA1CF8425FA2BA5411E2 /* Pods */ = {
			isa = PBXGroup;
			children = (
				F49599F9F6318BEAE3590776 /* Pods-Makestagram3.debug.xcconfig */,
				A77C4271F9B02348076A58C0 /* Pods-Makestagram3.release.xcconfig */,
			);
			name = Pods;
			sourceTree = "<group>";
		};
		AAA096B501D8C2B7AFDD6143 /* Frameworks */ = {
			isa = PBXGroup;
			children = (
				1DAF0DB8C582B08D3456AFA2 /* Pods_Makestagram3.framework */,
			);
			name = Frameworks;
			sourceTree = "<group>";
		};
/* End PBXGroup section */

/* Begin PBXNativeTarget section */
		28EAC4A121CEE7600083EE24 /* Makestagram3 */ = {
			isa = PBXNativeTarget;
			buildConfigurationList = 28EAC4B421CEE7610083EE24 /* Build configuration list for PBXNativeTarget "Makestagram3" */;
			buildPhases = (
				2B46D4BE9867B045B3480F6D /* [CP] Check Pods Manifest.lock */,
				28EAC49E21CEE7600083EE24 /* Sources */,
				28EAC49F21CEE7600083EE24 /* Frameworks */,
				28EAC4A021CEE7600083EE24 /* Resources */,
				6124BE601FF7E7F50FC29D9E /* [CP] Embed Pods Frameworks */,
				4CDCD5CDA4FFBA26DF45A3A7 /* [CP] Copy Pods Resources */,
			);
			buildRules = (
			);
			dependencies = (
			);
			name = Makestagram3;
			productName = Makestagram3;
			productReference = 28EAC4A221CEE7600083EE24 /* Makestagram3.app */;
			productType = "com.apple.product-type.application";
		};
/* End PBXNativeTarget section */

/* Begin PBXProject section */
		28EAC49A21CEE7600083EE24 /* Project object */ = {
			isa = PBXProject;
			attributes = {
				LastSwiftUpdateCheck = 1010;
				LastUpgradeCheck = 1010;
				ORGANIZATIONNAME = Bella;
				TargetAttributes = {
					28EAC4A121CEE7600083EE24 = {
						CreatedOnToolsVersion = 10.1;
					};
				};
			};
			buildConfigurationList = 28EAC49D21CEE7600083EE24 /* Build configuration list for PBXProject "Makestagram3" */;
			compatibilityVersion = "Xcode 9.3";
			developmentRegion = en;
			hasScannedForEncodings = 0;
			knownRegions = (
				en,
				Base,
			);
			mainGroup = 28EAC49921CEE7600083EE24;
			productRefGroup = 28EAC4A321CEE7600083EE24 /* Products */;
			projectDirPath = "";
			projectRoot = "";
			targets = (
				28EAC4A121CEE7600083EE24 /* Makestagram3 */,
			);
		};
/* End PBXProject section */

/* Begin PBXResourcesBuildPhase section */
		28EAC4A021CEE7600083EE24 /* Resources */ = {
			isa = PBXResourcesBuildPhase;
			buildActionMask = 2147483647;
			files = (
				2840AC1F21D82AFB0002A238 /* Home.storyboard in Resources */,
				2840AC1D21D82AB50002A238 /* Friends.storyboard in Resources */,
				288CB0B3224F0AD300FE9239 /* FindFriends.storyboard in Resources */,
				28EAC4B021CEE7610083EE24 /* LaunchScreen.storyboard in Resources */,
				28EAC4AD21CEE7610083EE24 /* Assets.xcassets in Resources */,
				28AC0FE721DCAC490041FDDB /* ViewBet.storyboard in Resources */,
				28EAC4C421CF20500083EE24 /* Login.storyboard in Resources */,
				28C06FDC21CF7347008F2783 /* GoogleService-Info.plist in Resources */,
				28EAC4AB21CEE7600083EE24 /* Main.storyboard in Resources */,
				2863649F22095DF40049761D /* OnBoarding.storyboard in Resources */,
				28B30C3322292F6A00E33D2D /* ViewBetType.storyboard in Resources */,
			);
			runOnlyForDeploymentPostprocessing = 0;
		};
/* End PBXResourcesBuildPhase section */

/* Begin PBXShellScriptBuildPhase section */
		2B46D4BE9867B045B3480F6D /* [CP] Check Pods Manifest.lock */ = {
			isa = PBXShellScriptBuildPhase;
			buildActionMask = 2147483647;
			files = (
			);
			inputPaths = (
				"${PODS_PODFILE_DIR_PATH}/Podfile.lock",
				"${PODS_ROOT}/Manifest.lock",
			);
			name = "[CP] Check Pods Manifest.lock";
			outputPaths = (
				"$(DERIVED_FILE_DIR)/Pods-Makestagram3-checkManifestLockResult.txt",
			);
			runOnlyForDeploymentPostprocessing = 0;
			shellPath = /bin/sh;
			shellScript = "diff \"${PODS_PODFILE_DIR_PATH}/Podfile.lock\" \"${PODS_ROOT}/Manifest.lock\" > /dev/null\nif [ $? != 0 ] ; then\n    # print error to STDERR\n    echo \"error: The sandbox is not in sync with the Podfile.lock. Run 'pod install' or update your CocoaPods installation.\" >&2\n    exit 1\nfi\n# This output is used by Xcode 'outputs' to avoid re-running this script phase.\necho \"SUCCESS\" > \"${SCRIPT_OUTPUT_FILE_0}\"\n";
			showEnvVarsInLog = 0;
		};
		4CDCD5CDA4FFBA26DF45A3A7 /* [CP] Copy Pods Resources */ = {
			isa = PBXShellScriptBuildPhase;
			buildActionMask = 2147483647;
			files = (
			);
			inputPaths = (
				"${SRCROOT}/Pods/Target Support Files/Pods-Makestagram3/Pods-Makestagram3-resources.sh",
				"${PODS_CONFIGURATION_BUILD_DIR}/FirebaseUI/FirebaseAuthUI.bundle",
			);
			name = "[CP] Copy Pods Resources";
			outputPaths = (
				"${TARGET_BUILD_DIR}/${UNLOCALIZED_RESOURCES_FOLDER_PATH}/FirebaseAuthUI.bundle",
			);
			runOnlyForDeploymentPostprocessing = 0;
			shellPath = /bin/sh;
			shellScript = "\"${SRCROOT}/Pods/Target Support Files/Pods-Makestagram3/Pods-Makestagram3-resources.sh\"\n";
			showEnvVarsInLog = 0;
		};
		6124BE601FF7E7F50FC29D9E /* [CP] Embed Pods Frameworks */ = {
			isa = PBXShellScriptBuildPhase;
			buildActionMask = 2147483647;
			files = (
			);
			inputPaths = (
				"${SRCROOT}/Pods/Target Support Files/Pods-Makestagram3/Pods-Makestagram3-frameworks.sh",
				"${BUILT_PRODUCTS_DIR}/GTMSessionFetcher/GTMSessionFetcher.framework",
				"${BUILT_PRODUCTS_DIR}/GoogleUtilities/GoogleUtilities.framework",
				"${BUILT_PRODUCTS_DIR}/Kingfisher/Kingfisher.framework",
				"${BUILT_PRODUCTS_DIR}/leveldb-library/leveldb.framework",
				"${BUILT_PRODUCTS_DIR}/nanopb/nanopb.framework",
			);
			name = "[CP] Embed Pods Frameworks";
			outputPaths = (
				"${TARGET_BUILD_DIR}/${FRAMEWORKS_FOLDER_PATH}/GTMSessionFetcher.framework",
				"${TARGET_BUILD_DIR}/${FRAMEWORKS_FOLDER_PATH}/GoogleUtilities.framework",
				"${TARGET_BUILD_DIR}/${FRAMEWORKS_FOLDER_PATH}/Kingfisher.framework",
				"${TARGET_BUILD_DIR}/${FRAMEWORKS_FOLDER_PATH}/leveldb.framework",
				"${TARGET_BUILD_DIR}/${FRAMEWORKS_FOLDER_PATH}/nanopb.framework",
			);
			runOnlyForDeploymentPostprocessing = 0;
			shellPath = /bin/sh;
			shellScript = "\"${SRCROOT}/Pods/Target Support Files/Pods-Makestagram3/Pods-Makestagram3-frameworks.sh\"\n";
			showEnvVarsInLog = 0;
		};
/* End PBXShellScriptBuildPhase section */

/* Begin PBXSourcesBuildPhase section */
		28EAC49E21CEE7600083EE24 /* Sources */ = {
			isa = PBXSourcesBuildPhase;
			buildActionMask = 2147483647;
			files = (
				28AC0FE521DCA71F0041FDDB /* Selection.swift in Sources */,
				28790ACF221A804A005B1B12 /* EmojiViewCell.swift in Sources */,
				28C06FDE21D09C2C008F2783 /* User.swift in Sources */,
				2871D46021D34E7F007E3FF1 /* StorageService.swift in Sources */,
				28EAC4C621CF21640083EE24 /* LoginViewController.swift in Sources */,
				285CD7B32249F6DD0009BFBE /* CoupleViewCell.swift in Sources */,
				283F0D0421DDCCAB0096BB6E /* BetHeaderCell.swift in Sources */,
				285CD7BD224B21850009BFBE /* HistoryService.swift in Sources */,
				2856DB01220BCE3C0076A602 /* onBoardingService.swift in Sources */,
				2840AC1721D8029E0002A238 /* FindFriendsCell.swift in Sources */,
				285CD7BB224B1E080009BFBE /* History.swift in Sources */,
				2871D45221D0BF3D007E3FF1 /* UserService.swift in Sources */,
				284CD709224C8CEF00F552D4 /* NumberViewController.swift in Sources */,
				28790AC72214CEB1005B1B12 /* CharacterViewCell.swift in Sources */,
				2895D97C21EA95C00071D497 /* Profile.swift in Sources */,
				285CD7B1224994DC0009BFBE /* ShipViewCell.swift in Sources */,
				2840AC2321D9BC2A0002A238 /* SendToFollowersCell.swift in Sources */,
				28CBB3A02262757E00919885 /* HouseViewController.swift in Sources */,
				2871D46821D3FD0E007E3FF1 /* StorageReference.swift in Sources */,
				285CD7B5224A03710009BFBE /* FavoriteViewCell.swift in Sources */,
				2863649D220952EA0049761D /* CharactersViewController.swift in Sources */,
				28B30C2F2229273E00E33D2D /* DebtBetsViewController.swift in Sources */,
				283F0D0221DDB0410096BB6E /* ShowBetCell.swift in Sources */,
				2871D46621D3FC61007E3FF1 /* UIImage+Size.swift in Sources */,
				28A8EFAA222BBB8000F86F80 /* YourBetsCell.swift in Sources */,
				285CD7C1224C83250009BFBE /* WonCell.swift in Sources */,
				2871D45821D316BF007E3FF1 /* HomeViewController.swift in Sources */,
				2807916922486D0C00CC4242 /* FriendBet.swift in Sources */,
				2871D45E21D33B75007E3FF1 /* MGPhotoHelper.swift in Sources */,
				2807916B22486D5A00CC4242 /* ClaimBet.swift in Sources */,
				285CD7BF224C7E5B0009BFBE /* MessageViewController.swift in Sources */,
				28790AC922193C48005B1B12 /* Characters2ViewController.swift in Sources */,
				2871D45621D30FB0007E3FF1 /* Storyboard+Utility.swift in Sources */,
				2871D45A21D316D0007E3FF1 /* FindFriendsViewController.swift in Sources */,
				286D6119225739EA00CCDD72 /* InstructionsViewController.swift in Sources */,
				285CD7AB22498F360009BFBE /* CoupleViewController.swift in Sources */,
				2871D45421D30F43007E3FF1 /* Constants.swift in Sources */,
				2871D46221D3528C007E3FF1 /* BetService.swift in Sources */,
				2840AC1121D7116E0002A238 /* MakeBetViewController.swift in Sources */,
				28C06FE021D0A612008F2783 /* CreateUsernameViewController.swift in Sources */,
				2840AC1321D7F93F0002A238 /* FollowService.swift in Sources */,
				28790ACD221A7B2C005B1B12 /* EmojiViewController.swift in Sources */,
				2840AC2121D9BB240002A238 /* SendToPopOverViewController.swift in Sources */,
				28A8EFAC222BE10000F86F80 /* DebtBetsCell.swift in Sources */,
				283F0D0021DDAE330096BB6E /* ViewBetsViewController.swift in Sources */,
				2851D543222902B5001972CB /* BetsRootViewController.swift in Sources */,
				285CD7B9224B0CD30009BFBE /* UIColor.swift in Sources */,
				2840AC0F21D709890002A238 /* HomeTableViewCell.swift in Sources */,
				28CBB3A22262772600919885 /* HouseViewCell.swift in Sources */,
				28790ACB22193DF1005B1B12 /* Character2ViewCell.swift in Sources */,
				28A8983521E67B1D00A9DFEA /* MyProfileViewController.swift in Sources */,
				286D6117225498F600CCDD72 /* ReportViewController.swift in Sources */,
				285CD7AF22498F5E0009BFBE /* FavoriteViewController.swift in Sources */,
				28EAC4A621CEE7600083EE24 /* AppDelegate.swift in Sources */,
				28B30C2D2229272D00E33D2D /* YourBetsViewController.swift in Sources */,
				287346912234E6A800CB08B9 /* EdStarkViewController.swift in Sources */,
				283F0D0621DF36010096BB6E /* Bet.swift in Sources */,
				285CD7AD22498F4A0009BFBE /* ShipViewController.swift in Sources */,
				2895D97A21EA91C70071D497 /* ProfileService.swift in Sources */,
			);
			runOnlyForDeploymentPostprocessing = 0;
		};
/* End PBXSourcesBuildPhase section */

/* Begin PBXVariantGroup section */
		28EAC4A921CEE7600083EE24 /* Main.storyboard */ = {
			isa = PBXVariantGroup;
			children = (
				28EAC4AA21CEE7600083EE24 /* Base */,
			);
			name = Main.storyboard;
			sourceTree = "<group>";
		};
		28EAC4AE21CEE7610083EE24 /* LaunchScreen.storyboard */ = {
			isa = PBXVariantGroup;
			children = (
				28EAC4AF21CEE7610083EE24 /* Base */,
			);
			name = LaunchScreen.storyboard;
			sourceTree = "<group>";
		};
/* End PBXVariantGroup section */

/* Begin XCBuildConfiguration section */
		28EAC4B221CEE7610083EE24 /* Debug */ = {
			isa = XCBuildConfiguration;
			buildSettings = {
				ALWAYS_SEARCH_USER_PATHS = NO;
				CLANG_ANALYZER_NONNULL = YES;
				CLANG_ANALYZER_NUMBER_OBJECT_CONVERSION = YES_AGGRESSIVE;
				CLANG_CXX_LANGUAGE_STANDARD = "gnu++14";
				CLANG_CXX_LIBRARY = "libc++";
				CLANG_ENABLE_MODULES = YES;
				CLANG_ENABLE_OBJC_ARC = YES;
				CLANG_ENABLE_OBJC_WEAK = YES;
				CLANG_WARN_BLOCK_CAPTURE_AUTORELEASING = YES;
				CLANG_WARN_BOOL_CONVERSION = YES;
				CLANG_WARN_COMMA = YES;
				CLANG_WARN_CONSTANT_CONVERSION = YES;
				CLANG_WARN_DEPRECATED_OBJC_IMPLEMENTATIONS = YES;
				CLANG_WARN_DIRECT_OBJC_ISA_USAGE = YES_ERROR;
				CLANG_WARN_DOCUMENTATION_COMMENTS = YES;
				CLANG_WARN_EMPTY_BODY = YES;
				CLANG_WARN_ENUM_CONVERSION = YES;
				CLANG_WARN_INFINITE_RECURSION = YES;
				CLANG_WARN_INT_CONVERSION = YES;
				CLANG_WARN_NON_LITERAL_NULL_CONVERSION = YES;
				CLANG_WARN_OBJC_IMPLICIT_RETAIN_SELF = YES;
				CLANG_WARN_OBJC_LITERAL_CONVERSION = YES;
				CLANG_WARN_OBJC_ROOT_CLASS = YES_ERROR;
				CLANG_WARN_RANGE_LOOP_ANALYSIS = YES;
				CLANG_WARN_STRICT_PROTOTYPES = YES;
				CLANG_WARN_SUSPICIOUS_MOVE = YES;
				CLANG_WARN_UNGUARDED_AVAILABILITY = YES_AGGRESSIVE;
				CLANG_WARN_UNREACHABLE_CODE = YES;
				CLANG_WARN__DUPLICATE_METHOD_MATCH = YES;
				CODE_SIGN_IDENTITY = "iPhone Developer";
				COPY_PHASE_STRIP = NO;
				DEBUG_INFORMATION_FORMAT = dwarf;
				ENABLE_STRICT_OBJC_MSGSEND = YES;
				ENABLE_TESTABILITY = YES;
				GCC_C_LANGUAGE_STANDARD = gnu11;
				GCC_DYNAMIC_NO_PIC = NO;
				GCC_NO_COMMON_BLOCKS = YES;
				GCC_OPTIMIZATION_LEVEL = 0;
				GCC_PREPROCESSOR_DEFINITIONS = (
					"DEBUG=1",
					"$(inherited)",
				);
				GCC_WARN_64_TO_32_BIT_CONVERSION = YES;
				GCC_WARN_ABOUT_RETURN_TYPE = YES_ERROR;
				GCC_WARN_UNDECLARED_SELECTOR = YES;
				GCC_WARN_UNINITIALIZED_AUTOS = YES_AGGRESSIVE;
				GCC_WARN_UNUSED_FUNCTION = YES;
				GCC_WARN_UNUSED_VARIABLE = YES;
				IPHONEOS_DEPLOYMENT_TARGET = 12.1;
				MTL_ENABLE_DEBUG_INFO = INCLUDE_SOURCE;
				MTL_FAST_MATH = YES;
				ONLY_ACTIVE_ARCH = YES;
				SDKROOT = iphoneos;
				SWIFT_ACTIVE_COMPILATION_CONDITIONS = DEBUG;
				SWIFT_OPTIMIZATION_LEVEL = "-Onone";
			};
			name = Debug;
		};
		28EAC4B321CEE7610083EE24 /* Release */ = {
			isa = XCBuildConfiguration;
			buildSettings = {
				ALWAYS_SEARCH_USER_PATHS = NO;
				CLANG_ANALYZER_NONNULL = YES;
				CLANG_ANALYZER_NUMBER_OBJECT_CONVERSION = YES_AGGRESSIVE;
				CLANG_CXX_LANGUAGE_STANDARD = "gnu++14";
				CLANG_CXX_LIBRARY = "libc++";
				CLANG_ENABLE_MODULES = YES;
				CLANG_ENABLE_OBJC_ARC = YES;
				CLANG_ENABLE_OBJC_WEAK = YES;
				CLANG_WARN_BLOCK_CAPTURE_AUTORELEASING = YES;
				CLANG_WARN_BOOL_CONVERSION = YES;
				CLANG_WARN_COMMA = YES;
				CLANG_WARN_CONSTANT_CONVERSION = YES;
				CLANG_WARN_DEPRECATED_OBJC_IMPLEMENTATIONS = YES;
				CLANG_WARN_DIRECT_OBJC_ISA_USAGE = YES_ERROR;
				CLANG_WARN_DOCUMENTATION_COMMENTS = YES;
				CLANG_WARN_EMPTY_BODY = YES;
				CLANG_WARN_ENUM_CONVERSION = YES;
				CLANG_WARN_INFINITE_RECURSION = YES;
				CLANG_WARN_INT_CONVERSION = YES;
				CLANG_WARN_NON_LITERAL_NULL_CONVERSION = YES;
				CLANG_WARN_OBJC_IMPLICIT_RETAIN_SELF = YES;
				CLANG_WARN_OBJC_LITERAL_CONVERSION = YES;
				CLANG_WARN_OBJC_ROOT_CLASS = YES_ERROR;
				CLANG_WARN_RANGE_LOOP_ANALYSIS = YES;
				CLANG_WARN_STRICT_PROTOTYPES = YES;
				CLANG_WARN_SUSPICIOUS_MOVE = YES;
				CLANG_WARN_UNGUARDED_AVAILABILITY = YES_AGGRESSIVE;
				CLANG_WARN_UNREACHABLE_CODE = YES;
				CLANG_WARN__DUPLICATE_METHOD_MATCH = YES;
				CODE_SIGN_IDENTITY = "iPhone Developer";
				COPY_PHASE_STRIP = NO;
				DEBUG_INFORMATION_FORMAT = "dwarf-with-dsym";
				ENABLE_NS_ASSERTIONS = NO;
				ENABLE_STRICT_OBJC_MSGSEND = YES;
				GCC_C_LANGUAGE_STANDARD = gnu11;
				GCC_NO_COMMON_BLOCKS = YES;
				GCC_WARN_64_TO_32_BIT_CONVERSION = YES;
				GCC_WARN_ABOUT_RETURN_TYPE = YES_ERROR;
				GCC_WARN_UNDECLARED_SELECTOR = YES;
				GCC_WARN_UNINITIALIZED_AUTOS = YES_AGGRESSIVE;
				GCC_WARN_UNUSED_FUNCTION = YES;
				GCC_WARN_UNUSED_VARIABLE = YES;
				IPHONEOS_DEPLOYMENT_TARGET = 12.1;
				MTL_ENABLE_DEBUG_INFO = NO;
				MTL_FAST_MATH = YES;
				SDKROOT = iphoneos;
				SWIFT_COMPILATION_MODE = wholemodule;
				SWIFT_OPTIMIZATION_LEVEL = "-O";
				VALIDATE_PRODUCT = YES;
			};
			name = Release;
		};
		28EAC4B521CEE7610083EE24 /* Debug */ = {
			isa = XCBuildConfiguration;
			baseConfigurationReference = F49599F9F6318BEAE3590776 /* Pods-Makestagram3.debug.xcconfig */;
			buildSettings = {
				ASSETCATALOG_COMPILER_APPICON_NAME = AppIcon;
				CODE_SIGN_STYLE = Automatic;
				DEVELOPMENT_TEAM = UGCMUKPMKN;
				INFOPLIST_FILE = "$(SRCROOT)/Supporting/Info.plist";
				LD_RUNPATH_SEARCH_PATHS = (
					"$(inherited)",
					"@executable_path/Frameworks",
				);
				PRODUCT_BUNDLE_IDENTIFIER = com.IsabellaLeeRubio.Makestagram3;
				PRODUCT_NAME = "$(TARGET_NAME)";
				SWIFT_VERSION = 4.2;
				TARGETED_DEVICE_FAMILY = "1,2";
			};
			name = Debug;
		};
		28EAC4B621CEE7610083EE24 /* Release */ = {
			isa = XCBuildConfiguration;
			baseConfigurationReference = A77C4271F9B02348076A58C0 /* Pods-Makestagram3.release.xcconfig */;
			buildSettings = {
				ASSETCATALOG_COMPILER_APPICON_NAME = AppIcon;
				CODE_SIGN_STYLE = Automatic;
				DEVELOPMENT_TEAM = UGCMUKPMKN;
				INFOPLIST_FILE = "$(SRCROOT)/Supporting/Info.plist";
				LD_RUNPATH_SEARCH_PATHS = (
					"$(inherited)",
					"@executable_path/Frameworks",
				);
				PRODUCT_BUNDLE_IDENTIFIER = com.IsabellaLeeRubio.Makestagram3;
				PRODUCT_NAME = "$(TARGET_NAME)";
				SWIFT_VERSION = 4.2;
				TARGETED_DEVICE_FAMILY = "1,2";
			};
			name = Release;
		};
/* End XCBuildConfiguration section */

/* Begin XCConfigurationList section */
		28EAC49D21CEE7600083EE24 /* Build configuration list for PBXProject "Makestagram3" */ = {
			isa = XCConfigurationList;
			buildConfigurations = (
				28EAC4B221CEE7610083EE24 /* Debug */,
				28EAC4B321CEE7610083EE24 /* Release */,
			);
			defaultConfigurationIsVisible = 0;
			defaultConfigurationName = Release;
		};
		28EAC4B421CEE7610083EE24 /* Build configuration list for PBXNativeTarget "Makestagram3" */ = {
			isa = XCConfigurationList;
			buildConfigurations = (
				28EAC4B521CEE7610083EE24 /* Debug */,
				28EAC4B621CEE7610083EE24 /* Release */,
			);
			defaultConfigurationIsVisible = 0;
			defaultConfigurationName = Release;
		};
/* End XCConfigurationList section */
	};
	rootObject = 28EAC49A21CEE7600083EE24 /* Project object */;
}
